// !$*UTF8*$!
{
	archiveVersion = 1;
	classes = {
	};
	objectVersion = 56;
	objects = {

/* Begin PBXBuildFile section */
		461BEF072ABA436F00C07847 /* String+Extension.swift in Sources */ = {isa = PBXBuildFile; fileRef = 461BEF062ABA436F00C07847 /* String+Extension.swift */; };
		461BEF0A2ABA597100C07847 /* AlertController.swift in Sources */ = {isa = PBXBuildFile; fileRef = 461BEF092ABA597100C07847 /* AlertController.swift */; };
		463AFBEB2AB87AE500468615 /* AppDelegate.swift in Sources */ = {isa = PBXBuildFile; fileRef = 463AFBEA2AB87AE500468615 /* AppDelegate.swift */; };
		463AFBED2AB87AE500468615 /* SceneDelegate.swift in Sources */ = {isa = PBXBuildFile; fileRef = 463AFBEC2AB87AE500468615 /* SceneDelegate.swift */; };
		463AFBF42AB87AE700468615 /* Assets.xcassets in Resources */ = {isa = PBXBuildFile; fileRef = 463AFBF32AB87AE700468615 /* Assets.xcassets */; };
		463AFBF72AB87AE700468615 /* LaunchScreen.storyboard in Resources */ = {isa = PBXBuildFile; fileRef = 463AFBF52AB87AE700468615 /* LaunchScreen.storyboard */; };
		463AFBFF2AB87C3B00468615 /* GoogleService-Info.plist in Resources */ = {isa = PBXBuildFile; fileRef = 463AFBFE2AB87C3B00468615 /* GoogleService-Info.plist */; };
		463AFC022AB87C8800468615 /* FirebaseAuth in Frameworks */ = {isa = PBXBuildFile; productRef = 463AFC012AB87C8800468615 /* FirebaseAuth */; };
		463AFC042AB87C8800468615 /* FirebaseCrashlytics in Frameworks */ = {isa = PBXBuildFile; productRef = 463AFC032AB87C8800468615 /* FirebaseCrashlytics */; };
		463AFC092AB8846700468615 /* OnboardingViewController.swift in Sources */ = {isa = PBXBuildFile; fileRef = 463AFC082AB8846700468615 /* OnboardingViewController.swift */; };
		463AFC0B2AB8848400468615 /* OnboardingScreen.swift in Sources */ = {isa = PBXBuildFile; fileRef = 463AFC0A2AB8848400468615 /* OnboardingScreen.swift */; };
		463AFC122AB8911900468615 /* FirstInfoViewController.swift in Sources */ = {isa = PBXBuildFile; fileRef = 463AFC112AB8911900468615 /* FirstInfoViewController.swift */; };
		463AFC142AB8912B00468615 /* FirstInfoScreen.swift in Sources */ = {isa = PBXBuildFile; fileRef = 463AFC132AB8912B00468615 /* FirstInfoScreen.swift */; };
		463AFC192AB8F84B00468615 /* SecondInfoViewController.swift in Sources */ = {isa = PBXBuildFile; fileRef = 463AFC182AB8F84B00468615 /* SecondInfoViewController.swift */; };
		463AFC1B2AB8F91300468615 /* SecondInfoScreen.swift in Sources */ = {isa = PBXBuildFile; fileRef = 463AFC1A2AB8F91300468615 /* SecondInfoScreen.swift */; };
		463AFC202AB8FCC300468615 /* ThirdInfoViewController.swift in Sources */ = {isa = PBXBuildFile; fileRef = 463AFC1F2AB8FCC300468615 /* ThirdInfoViewController.swift */; };
		463AFC222AB8FCF500468615 /* ThirdInfoScreen.swift in Sources */ = {isa = PBXBuildFile; fileRef = 463AFC212AB8FCF500468615 /* ThirdInfoScreen.swift */; };
		463AFC2E2AB904B600468615 /* LoginVC.swift in Sources */ = {isa = PBXBuildFile; fileRef = 463AFC2D2AB904B600468615 /* LoginVC.swift */; };
		463AFC312AB904C800468615 /* LoginScreen.swift in Sources */ = {isa = PBXBuildFile; fileRef = 463AFC302AB904C800468615 /* LoginScreen.swift */; };
		463AFC342AB904DA00468615 /* LoginViewModel.swift in Sources */ = {isa = PBXBuildFile; fileRef = 463AFC332AB904DA00468615 /* LoginViewModel.swift */; };
		463AFC362AB915B200468615 /* RegisterVC.swift in Sources */ = {isa = PBXBuildFile; fileRef = 463AFC352AB915B200468615 /* RegisterVC.swift */; };
		463AFC382AB915C000468615 /* RegisterScreen.swift in Sources */ = {isa = PBXBuildFile; fileRef = 463AFC372AB915C000468615 /* RegisterScreen.swift */; };
		463AFC3A2AB915D000468615 /* RegisterViewModel.swift in Sources */ = {isa = PBXBuildFile; fileRef = 463AFC392AB915D000468615 /* RegisterViewModel.swift */; };
/* End PBXBuildFile section */

/* Begin PBXFileReference section */
		461BEF062ABA436F00C07847 /* String+Extension.swift */ = {isa = PBXFileReference; lastKnownFileType = sourcecode.swift; path = "String+Extension.swift"; sourceTree = "<group>"; };
		461BEF092ABA597100C07847 /* AlertController.swift */ = {isa = PBXFileReference; lastKnownFileType = sourcecode.swift; path = AlertController.swift; sourceTree = "<group>"; };
		463AFBE72AB87AE500468615 /* SafeApp.app */ = {isa = PBXFileReference; explicitFileType = wrapper.application; includeInIndex = 0; path = SafeApp.app; sourceTree = BUILT_PRODUCTS_DIR; };
		463AFBEA2AB87AE500468615 /* AppDelegate.swift */ = {isa = PBXFileReference; lastKnownFileType = sourcecode.swift; path = AppDelegate.swift; sourceTree = "<group>"; };
		463AFBEC2AB87AE500468615 /* SceneDelegate.swift */ = {isa = PBXFileReference; lastKnownFileType = sourcecode.swift; path = SceneDelegate.swift; sourceTree = "<group>"; };
		463AFBF32AB87AE700468615 /* Assets.xcassets */ = {isa = PBXFileReference; lastKnownFileType = folder.assetcatalog; path = Assets.xcassets; sourceTree = "<group>"; };
		463AFBF62AB87AE700468615 /* Base */ = {isa = PBXFileReference; lastKnownFileType = file.storyboard; name = Base; path = Base.lproj/LaunchScreen.storyboard; sourceTree = "<group>"; };
		463AFBF82AB87AE700468615 /* Info.plist */ = {isa = PBXFileReference; lastKnownFileType = text.plist.xml; path = Info.plist; sourceTree = "<group>"; };
		463AFBFE2AB87C3B00468615 /* GoogleService-Info.plist */ = {isa = PBXFileReference; fileEncoding = 4; lastKnownFileType = text.plist.xml; path = "GoogleService-Info.plist"; sourceTree = "<group>"; };
		463AFC082AB8846700468615 /* OnboardingViewController.swift */ = {isa = PBXFileReference; lastKnownFileType = sourcecode.swift; path = OnboardingViewController.swift; sourceTree = "<group>"; };
		463AFC0A2AB8848400468615 /* OnboardingScreen.swift */ = {isa = PBXFileReference; lastKnownFileType = sourcecode.swift; path = OnboardingScreen.swift; sourceTree = "<group>"; };
		463AFC112AB8911900468615 /* FirstInfoViewController.swift */ = {isa = PBXFileReference; lastKnownFileType = sourcecode.swift; path = FirstInfoViewController.swift; sourceTree = "<group>"; };
		463AFC132AB8912B00468615 /* FirstInfoScreen.swift */ = {isa = PBXFileReference; lastKnownFileType = sourcecode.swift; path = FirstInfoScreen.swift; sourceTree = "<group>"; };
		463AFC182AB8F84B00468615 /* SecondInfoViewController.swift */ = {isa = PBXFileReference; lastKnownFileType = sourcecode.swift; path = SecondInfoViewController.swift; sourceTree = "<group>"; };
		463AFC1A2AB8F91300468615 /* SecondInfoScreen.swift */ = {isa = PBXFileReference; lastKnownFileType = sourcecode.swift; path = SecondInfoScreen.swift; sourceTree = "<group>"; };
		463AFC1F2AB8FCC300468615 /* ThirdInfoViewController.swift */ = {isa = PBXFileReference; lastKnownFileType = sourcecode.swift; path = ThirdInfoViewController.swift; sourceTree = "<group>"; };
		463AFC212AB8FCF500468615 /* ThirdInfoScreen.swift */ = {isa = PBXFileReference; lastKnownFileType = sourcecode.swift; path = ThirdInfoScreen.swift; sourceTree = "<group>"; };
		463AFC2D2AB904B600468615 /* LoginVC.swift */ = {isa = PBXFileReference; lastKnownFileType = sourcecode.swift; path = LoginVC.swift; sourceTree = "<group>"; };
		463AFC302AB904C800468615 /* LoginScreen.swift */ = {isa = PBXFileReference; lastKnownFileType = sourcecode.swift; path = LoginScreen.swift; sourceTree = "<group>"; };
		463AFC332AB904DA00468615 /* LoginViewModel.swift */ = {isa = PBXFileReference; lastKnownFileType = sourcecode.swift; path = LoginViewModel.swift; sourceTree = "<group>"; };
		463AFC352AB915B200468615 /* RegisterVC.swift */ = {isa = PBXFileReference; lastKnownFileType = sourcecode.swift; path = RegisterVC.swift; sourceTree = "<group>"; };
		463AFC372AB915C000468615 /* RegisterScreen.swift */ = {isa = PBXFileReference; lastKnownFileType = sourcecode.swift; path = RegisterScreen.swift; sourceTree = "<group>"; };
		463AFC392AB915D000468615 /* RegisterViewModel.swift */ = {isa = PBXFileReference; lastKnownFileType = sourcecode.swift; path = RegisterViewModel.swift; sourceTree = "<group>"; };
/* End PBXFileReference section */

/* Begin PBXFrameworksBuildPhase section */
		463AFBE42AB87AE500468615 /* Frameworks */ = {
			isa = PBXFrameworksBuildPhase;
			buildActionMask = 2147483647;
			files = (
				463AFC022AB87C8800468615 /* FirebaseAuth in Frameworks */,
				463AFC042AB87C8800468615 /* FirebaseCrashlytics in Frameworks */,
			);
			runOnlyForDeploymentPostprocessing = 0;
		};
/* End PBXFrameworksBuildPhase section */

/* Begin PBXGroup section */
		461BEF042ABA433400C07847 /* Extension */ = {
			isa = PBXGroup;
			children = (
				461BEF062ABA436F00C07847 /* String+Extension.swift */,
			);
			path = Extension;
			sourceTree = "<group>";
		};
		461BEF052ABA434B00C07847 /* Utils */ = {
			isa = PBXGroup;
			children = (
				461BEF042ABA433400C07847 /* Extension */,
			);
			path = Utils;
			sourceTree = "<group>";
		};
		461BEF082ABA594D00C07847 /* Alert */ = {
			isa = PBXGroup;
			children = (
				461BEF092ABA597100C07847 /* AlertController.swift */,
			);
			path = Alert;
			sourceTree = "<group>";
		};
		463AFBDE2AB87AE500468615 = {
			isa = PBXGroup;
			children = (
				463AFBE92AB87AE500468615 /* SafeApp */,
				463AFBE82AB87AE500468615 /* Products */,
			);
			sourceTree = "<group>";
		};
		463AFBE82AB87AE500468615 /* Products */ = {
			isa = PBXGroup;
			children = (
				463AFBE72AB87AE500468615 /* SafeApp.app */,
			);
			name = Products;
			sourceTree = "<group>";
		};
		463AFBE92AB87AE500468615 /* SafeApp */ = {
			isa = PBXGroup;
			children = (
				463AFC052AB8843200468615 /* Onboarding */,
				463AFC232AB903F800468615 /* Feature */,
				461BEF082ABA594D00C07847 /* Alert */,
				461BEF052ABA434B00C07847 /* Utils */,
				463AFBEA2AB87AE500468615 /* AppDelegate.swift */,
				463AFBEC2AB87AE500468615 /* SceneDelegate.swift */,
				463AFBF32AB87AE700468615 /* Assets.xcassets */,
				463AFBF52AB87AE700468615 /* LaunchScreen.storyboard */,
				463AFBF82AB87AE700468615 /* Info.plist */,
				463AFBFE2AB87C3B00468615 /* GoogleService-Info.plist */,
			);
			path = SafeApp;
			sourceTree = "<group>";
		};
		463AFC052AB8843200468615 /* Onboarding */ = {
			isa = PBXGroup;
			children = (
				463AFC0C2AB890C500468615 /* Apresentantion */,
				463AFC0D2AB890E900468615 /* FirstInformation */,
				463AFC152AB8F7E900468615 /* SecondInformation */,
				463AFC1C2AB8FC5D00468615 /* ThirdInformation */,
			);
			path = Onboarding;
			sourceTree = "<group>";
		};
		463AFC062AB8844500468615 /* ViewController */ = {
			isa = PBXGroup;
			children = (
				463AFC082AB8846700468615 /* OnboardingViewController.swift */,
			);
			path = ViewController;
			sourceTree = "<group>";
		};
		463AFC072AB8845000468615 /* Screen */ = {
			isa = PBXGroup;
			children = (
				463AFC0A2AB8848400468615 /* OnboardingScreen.swift */,
			);
			path = Screen;
			sourceTree = "<group>";
		};
		463AFC0C2AB890C500468615 /* Apresentantion */ = {
			isa = PBXGroup;
			children = (
				463AFC062AB8844500468615 /* ViewController */,
				463AFC072AB8845000468615 /* Screen */,
			);
			path = Apresentantion;
			sourceTree = "<group>";
		};
		463AFC0D2AB890E900468615 /* FirstInformation */ = {
			isa = PBXGroup;
			children = (
				463AFC0E2AB890F300468615 /* ViewController */,
				463AFC0F2AB890FA00468615 /* Screen */,
			);
			path = FirstInformation;
			sourceTree = "<group>";
		};
		463AFC0E2AB890F300468615 /* ViewController */ = {
			isa = PBXGroup;
			children = (
				463AFC112AB8911900468615 /* FirstInfoViewController.swift */,
			);
			path = ViewController;
			sourceTree = "<group>";
		};
		463AFC0F2AB890FA00468615 /* Screen */ = {
			isa = PBXGroup;
			children = (
				463AFC132AB8912B00468615 /* FirstInfoScreen.swift */,
			);
			path = Screen;
			sourceTree = "<group>";
		};
		463AFC152AB8F7E900468615 /* SecondInformation */ = {
			isa = PBXGroup;
			children = (
				463AFC162AB8F81F00468615 /* ViewController */,
				463AFC172AB8F82600468615 /* Screen */,
			);
			path = SecondInformation;
			sourceTree = "<group>";
		};
		463AFC162AB8F81F00468615 /* ViewController */ = {
			isa = PBXGroup;
			children = (
				463AFC182AB8F84B00468615 /* SecondInfoViewController.swift */,
			);
			path = ViewController;
			sourceTree = "<group>";
		};
		463AFC172AB8F82600468615 /* Screen */ = {
			isa = PBXGroup;
			children = (
				463AFC1A2AB8F91300468615 /* SecondInfoScreen.swift */,
			);
			path = Screen;
			sourceTree = "<group>";
		};
		463AFC1C2AB8FC5D00468615 /* ThirdInformation */ = {
			isa = PBXGroup;
			children = (
				463AFC1D2AB8FCA000468615 /* ViewController */,
				463AFC1E2AB8FCAF00468615 /* Screen */,
			);
			path = ThirdInformation;
			sourceTree = "<group>";
		};
		463AFC1D2AB8FCA000468615 /* ViewController */ = {
			isa = PBXGroup;
			children = (
				463AFC1F2AB8FCC300468615 /* ThirdInfoViewController.swift */,
			);
			path = ViewController;
			sourceTree = "<group>";
		};
		463AFC1E2AB8FCAF00468615 /* Screen */ = {
			isa = PBXGroup;
			children = (
				463AFC212AB8FCF500468615 /* ThirdInfoScreen.swift */,
			);
			path = Screen;
			sourceTree = "<group>";
		};
		463AFC232AB903F800468615 /* Feature */ = {
			isa = PBXGroup;
			children = (
				463AFC242AB9045100468615 /* Login */,
				463AFC282AB9047100468615 /* Register */,
			);
			path = Feature;
			sourceTree = "<group>";
		};
		463AFC242AB9045100468615 /* Login */ = {
			isa = PBXGroup;
			children = (
				463AFC252AB9045600468615 /* ViewController */,
				463AFC262AB9045C00468615 /* Screen */,
				463AFC272AB9046000468615 /* ViewModel */,
			);
			path = Login;
			sourceTree = "<group>";
		};
		463AFC252AB9045600468615 /* ViewController */ = {
			isa = PBXGroup;
			children = (
				463AFC2D2AB904B600468615 /* LoginVC.swift */,
			);
			path = ViewController;
			sourceTree = "<group>";
		};
		463AFC262AB9045C00468615 /* Screen */ = {
			isa = PBXGroup;
			children = (
				463AFC302AB904C800468615 /* LoginScreen.swift */,
			);
			path = Screen;
			sourceTree = "<group>";
		};
		463AFC272AB9046000468615 /* ViewModel */ = {
			isa = PBXGroup;
			children = (
				463AFC332AB904DA00468615 /* LoginViewModel.swift */,
			);
			path = ViewModel;
			sourceTree = "<group>";
		};
		463AFC282AB9047100468615 /* Register */ = {
			isa = PBXGroup;
			children = (
				463AFC292AB9047C00468615 /* ViewController */,
				463AFC2A2AB9048100468615 /* Screen */,
				463AFC2B2AB9048F00468615 /* ViewModel */,
			);
			path = Register;
			sourceTree = "<group>";
		};
		463AFC292AB9047C00468615 /* ViewController */ = {
			isa = PBXGroup;
			children = (
				463AFC352AB915B200468615 /* RegisterVC.swift */,
			);
			path = ViewController;
			sourceTree = "<group>";
		};
		463AFC2A2AB9048100468615 /* Screen */ = {
			isa = PBXGroup;
			children = (
				463AFC372AB915C000468615 /* RegisterScreen.swift */,
			);
			path = Screen;
			sourceTree = "<group>";
		};
		463AFC2B2AB9048F00468615 /* ViewModel */ = {
			isa = PBXGroup;
			children = (
				463AFC392AB915D000468615 /* RegisterViewModel.swift */,
			);
			path = ViewModel;
			sourceTree = "<group>";
		};
/* End PBXGroup section */

/* Begin PBXNativeTarget section */
		463AFBE62AB87AE500468615 /* SafeApp */ = {
			isa = PBXNativeTarget;
			buildConfigurationList = 463AFBFB2AB87AE700468615 /* Build configuration list for PBXNativeTarget "SafeApp" */;
			buildPhases = (
				463AFBE32AB87AE500468615 /* Sources */,
				463AFBE42AB87AE500468615 /* Frameworks */,
				463AFBE52AB87AE500468615 /* Resources */,
			);
			buildRules = (
			);
			dependencies = (
			);
			name = SafeApp;
			packageProductDependencies = (
				463AFC012AB87C8800468615 /* FirebaseAuth */,
				463AFC032AB87C8800468615 /* FirebaseCrashlytics */,
			);
			productName = SafeApp;
			productReference = 463AFBE72AB87AE500468615 /* SafeApp.app */;
			productType = "com.apple.product-type.application";
		};
/* End PBXNativeTarget section */

/* Begin PBXProject section */
		463AFBDF2AB87AE500468615 /* Project object */ = {
			isa = PBXProject;
			attributes = {
				BuildIndependentTargetsInParallel = 1;
				LastSwiftUpdateCheck = 1430;
				LastUpgradeCheck = 1430;
				TargetAttributes = {
					463AFBE62AB87AE500468615 = {
						CreatedOnToolsVersion = 14.3;
					};
				};
			};
			buildConfigurationList = 463AFBE22AB87AE500468615 /* Build configuration list for PBXProject "SafeApp" */;
			compatibilityVersion = "Xcode 14.0";
			developmentRegion = en;
			hasScannedForEncodings = 0;
			knownRegions = (
				en,
				Base,
			);
			mainGroup = 463AFBDE2AB87AE500468615;
			packageReferences = (
				463AFC002AB87C8800468615 /* XCRemoteSwiftPackageReference "firebase-ios-sdk" */,
			);
			productRefGroup = 463AFBE82AB87AE500468615 /* Products */;
			projectDirPath = "";
			projectRoot = "";
			targets = (
				463AFBE62AB87AE500468615 /* SafeApp */,
			);
		};
/* End PBXProject section */

/* Begin PBXResourcesBuildPhase section */
		463AFBE52AB87AE500468615 /* Resources */ = {
			isa = PBXResourcesBuildPhase;
			buildActionMask = 2147483647;
			files = (
				463AFBF72AB87AE700468615 /* LaunchScreen.storyboard in Resources */,
				463AFBFF2AB87C3B00468615 /* GoogleService-Info.plist in Resources */,
				463AFBF42AB87AE700468615 /* Assets.xcassets in Resources */,
			);
			runOnlyForDeploymentPostprocessing = 0;
		};
/* End PBXResourcesBuildPhase section */

/* Begin PBXSourcesBuildPhase section */
		463AFBE32AB87AE500468615 /* Sources */ = {
			isa = PBXSourcesBuildPhase;
			buildActionMask = 2147483647;
			files = (
				463AFC382AB915C000468615 /* RegisterScreen.swift in Sources */,
				463AFC2E2AB904B600468615 /* LoginVC.swift in Sources */,
				463AFC202AB8FCC300468615 /* ThirdInfoViewController.swift in Sources */,
				463AFC3A2AB915D000468615 /* RegisterViewModel.swift in Sources */,
				463AFC122AB8911900468615 /* FirstInfoViewController.swift in Sources */,
				463AFC1B2AB8F91300468615 /* SecondInfoScreen.swift in Sources */,
				463AFC0B2AB8848400468615 /* OnboardingScreen.swift in Sources */,
				463AFC312AB904C800468615 /* LoginScreen.swift in Sources */,
				461BEF072ABA436F00C07847 /* String+Extension.swift in Sources */,
				463AFBEB2AB87AE500468615 /* AppDelegate.swift in Sources */,
				461BEF0A2ABA597100C07847 /* AlertController.swift in Sources */,
				463AFC142AB8912B00468615 /* FirstInfoScreen.swift in Sources */,
				463AFC342AB904DA00468615 /* LoginViewModel.swift in Sources */,
				463AFC092AB8846700468615 /* OnboardingViewController.swift in Sources */,
				463AFBED2AB87AE500468615 /* SceneDelegate.swift in Sources */,
				463AFC362AB915B200468615 /* RegisterVC.swift in Sources */,
				463AFC192AB8F84B00468615 /* SecondInfoViewController.swift in Sources */,
				463AFC222AB8FCF500468615 /* ThirdInfoScreen.swift in Sources */,
			);
			runOnlyForDeploymentPostprocessing = 0;
		};
/* End PBXSourcesBuildPhase section */

/* Begin PBXVariantGroup section */
		463AFBF52AB87AE700468615 /* LaunchScreen.storyboard */ = {
			isa = PBXVariantGroup;
			children = (
				463AFBF62AB87AE700468615 /* Base */,
			);
			name = LaunchScreen.storyboard;
			sourceTree = "<group>";
		};
/* End PBXVariantGroup section */

/* Begin XCBuildConfiguration section */
		463AFBF92AB87AE700468615 /* Debug */ = {
			isa = XCBuildConfiguration;
			buildSettings = {
				ALWAYS_SEARCH_USER_PATHS = NO;
				CLANG_ANALYZER_NONNULL = YES;
				CLANG_ANALYZER_NUMBER_OBJECT_CONVERSION = YES_AGGRESSIVE;
				CLANG_CXX_LANGUAGE_STANDARD = "gnu++20";
				CLANG_ENABLE_MODULES = YES;
				CLANG_ENABLE_OBJC_ARC = YES;
				CLANG_ENABLE_OBJC_WEAK = YES;
				CLANG_WARN_BLOCK_CAPTURE_AUTORELEASING = YES;
				CLANG_WARN_BOOL_CONVERSION = YES;
				CLANG_WARN_COMMA = YES;
				CLANG_WARN_CONSTANT_CONVERSION = YES;
				CLANG_WARN_DEPRECATED_OBJC_IMPLEMENTATIONS = YES;
				CLANG_WARN_DIRECT_OBJC_ISA_USAGE = YES_ERROR;
				CLANG_WARN_DOCUMENTATION_COMMENTS = YES;
				CLANG_WARN_EMPTY_BODY = YES;
				CLANG_WARN_ENUM_CONVERSION = YES;
				CLANG_WARN_INFINITE_RECURSION = YES;
				CLANG_WARN_INT_CONVERSION = YES;
				CLANG_WARN_NON_LITERAL_NULL_CONVERSION = YES;
				CLANG_WARN_OBJC_IMPLICIT_RETAIN_SELF = YES;
				CLANG_WARN_OBJC_LITERAL_CONVERSION = YES;
				CLANG_WARN_OBJC_ROOT_CLASS = YES_ERROR;
				CLANG_WARN_QUOTED_INCLUDE_IN_FRAMEWORK_HEADER = YES;
				CLANG_WARN_RANGE_LOOP_ANALYSIS = YES;
				CLANG_WARN_STRICT_PROTOTYPES = YES;
				CLANG_WARN_SUSPICIOUS_MOVE = YES;
				CLANG_WARN_UNGUARDED_AVAILABILITY = YES_AGGRESSIVE;
				CLANG_WARN_UNREACHABLE_CODE = YES;
				CLANG_WARN__DUPLICATE_METHOD_MATCH = YES;
				COPY_PHASE_STRIP = NO;
				DEBUG_INFORMATION_FORMAT = dwarf;
				ENABLE_STRICT_OBJC_MSGSEND = YES;
				ENABLE_TESTABILITY = YES;
				GCC_C_LANGUAGE_STANDARD = gnu11;
				GCC_DYNAMIC_NO_PIC = NO;
				GCC_NO_COMMON_BLOCKS = YES;
				GCC_OPTIMIZATION_LEVEL = 0;
				GCC_PREPROCESSOR_DEFINITIONS = (
					"DEBUG=1",
					"$(inherited)",
				);
				GCC_WARN_64_TO_32_BIT_CONVERSION = YES;
				GCC_WARN_ABOUT_RETURN_TYPE = YES_ERROR;
				GCC_WARN_UNDECLARED_SELECTOR = YES;
				GCC_WARN_UNINITIALIZED_AUTOS = YES_AGGRESSIVE;
				GCC_WARN_UNUSED_FUNCTION = YES;
				GCC_WARN_UNUSED_VARIABLE = YES;
				IPHONEOS_DEPLOYMENT_TARGET = 14.0;
				MTL_ENABLE_DEBUG_INFO = INCLUDE_SOURCE;
				MTL_FAST_MATH = YES;
				ONLY_ACTIVE_ARCH = YES;
				SDKROOT = iphoneos;
				SWIFT_ACTIVE_COMPILATION_CONDITIONS = DEBUG;
				SWIFT_OPTIMIZATION_LEVEL = "-Onone";
			};
			name = Debug;
		};
		463AFBFA2AB87AE700468615 /* Release */ = {
			isa = XCBuildConfiguration;
			buildSettings = {
				ALWAYS_SEARCH_USER_PATHS = NO;
				CLANG_ANALYZER_NONNULL = YES;
				CLANG_ANALYZER_NUMBER_OBJECT_CONVERSION = YES_AGGRESSIVE;
				CLANG_CXX_LANGUAGE_STANDARD = "gnu++20";
				CLANG_ENABLE_MODULES = YES;
				CLANG_ENABLE_OBJC_ARC = YES;
				CLANG_ENABLE_OBJC_WEAK = YES;
				CLANG_WARN_BLOCK_CAPTURE_AUTORELEASING = YES;
				CLANG_WARN_BOOL_CONVERSION = YES;
				CLANG_WARN_COMMA = YES;
				CLANG_WARN_CONSTANT_CONVERSION = YES;
				CLANG_WARN_DEPRECATED_OBJC_IMPLEMENTATIONS = YES;
				CLANG_WARN_DIRECT_OBJC_ISA_USAGE = YES_ERROR;
				CLANG_WARN_DOCUMENTATION_COMMENTS = YES;
				CLANG_WARN_EMPTY_BODY = YES;
				CLANG_WARN_ENUM_CONVERSION = YES;
				CLANG_WARN_INFINITE_RECURSION = YES;
				CLANG_WARN_INT_CONVERSION = YES;
				CLANG_WARN_NON_LITERAL_NULL_CONVERSION = YES;
				CLANG_WARN_OBJC_IMPLICIT_RETAIN_SELF = YES;
				CLANG_WARN_OBJC_LITERAL_CONVERSION = YES;
				CLANG_WARN_OBJC_ROOT_CLASS = YES_ERROR;
				CLANG_WARN_QUOTED_INCLUDE_IN_FRAMEWORK_HEADER = YES;
				CLANG_WARN_RANGE_LOOP_ANALYSIS = YES;
				CLANG_WARN_STRICT_PROTOTYPES = YES;
				CLANG_WARN_SUSPICIOUS_MOVE = YES;
				CLANG_WARN_UNGUARDED_AVAILABILITY = YES_AGGRESSIVE;
				CLANG_WARN_UNREACHABLE_CODE = YES;
				CLANG_WARN__DUPLICATE_METHOD_MATCH = YES;
				COPY_PHASE_STRIP = NO;
				DEBUG_INFORMATION_FORMAT = "dwarf-with-dsym";
				ENABLE_NS_ASSERTIONS = NO;
				ENABLE_STRICT_OBJC_MSGSEND = YES;
				GCC_C_LANGUAGE_STANDARD = gnu11;
				GCC_NO_COMMON_BLOCKS = YES;
				GCC_WARN_64_TO_32_BIT_CONVERSION = YES;
				GCC_WARN_ABOUT_RETURN_TYPE = YES_ERROR;
				GCC_WARN_UNDECLARED_SELECTOR = YES;
				GCC_WARN_UNINITIALIZED_AUTOS = YES_AGGRESSIVE;
				GCC_WARN_UNUSED_FUNCTION = YES;
				GCC_WARN_UNUSED_VARIABLE = YES;
				IPHONEOS_DEPLOYMENT_TARGET = 14.0;
				MTL_ENABLE_DEBUG_INFO = NO;
				MTL_FAST_MATH = YES;
				SDKROOT = iphoneos;
				SWIFT_COMPILATION_MODE = wholemodule;
				SWIFT_OPTIMIZATION_LEVEL = "-O";
				VALIDATE_PRODUCT = YES;
			};
			name = Release;
		};
		463AFBFC2AB87AE700468615 /* Debug */ = {
			isa = XCBuildConfiguration;
			buildSettings = {
				ASSETCATALOG_COMPILER_APPICON_NAME = AppIcon;
				ASSETCATALOG_COMPILER_GLOBAL_ACCENT_COLOR_NAME = AccentColor;
				CODE_SIGN_STYLE = Automatic;
				CURRENT_PROJECT_VERSION = 1;
				DEVELOPMENT_TEAM = 3WX9FH8392;
				GENERATE_INFOPLIST_FILE = YES;
				INFOPLIST_FILE = SafeApp/Info.plist;
				INFOPLIST_KEY_UIApplicationSupportsIndirectInputEvents = YES;
				INFOPLIST_KEY_UILaunchStoryboardName = LaunchScreen;
				INFOPLIST_KEY_UIMainStoryboardFile = "";
				INFOPLIST_KEY_UISupportedInterfaceOrientations = UIInterfaceOrientationPortrait;
				INFOPLIST_KEY_UISupportedInterfaceOrientations_iPad = "UIInterfaceOrientationLandscapeLeft UIInterfaceOrientationLandscapeRight UIInterfaceOrientationPortrait UIInterfaceOrientationPortraitUpsideDown";
				LD_RUNPATH_SEARCH_PATHS = (
					"$(inherited)",
					"@executable_path/Frameworks",
				);
				MARKETING_VERSION = 1.0;
				PRODUCT_BUNDLE_IDENTIFIER = com.lucas.SafeApp;
				PRODUCT_NAME = "$(TARGET_NAME)";
				SUPPORTED_PLATFORMS = "iphoneos iphonesimulator";
				SUPPORTS_MACCATALYST = NO;
				SUPPORTS_MAC_DESIGNED_FOR_IPHONE_IPAD = NO;
				SWIFT_EMIT_LOC_STRINGS = YES;
				SWIFT_VERSION = 5.0;
				TARGETED_DEVICE_FAMILY = 1;
			};
			name = Debug;
		};
		463AFBFD2AB87AE700468615 /* Release */ = {
			isa = XCBuildConfiguration;
			buildSettings = {
				ASSETCATALOG_COMPILER_APPICON_NAME = AppIcon;
				ASSETCATALOG_COMPILER_GLOBAL_ACCENT_COLOR_NAME = AccentColor;
				CODE_SIGN_STYLE = Automatic;
				CURRENT_PROJECT_VERSION = 1;
				DEVELOPMENT_TEAM = 3WX9FH8392;
				GENERATE_INFOPLIST_FILE = YES;
				INFOPLIST_FILE = SafeApp/Info.plist;
				INFOPLIST_KEY_UIApplicationSupportsIndirectInputEvents = YES;
				INFOPLIST_KEY_UILaunchStoryboardName = LaunchScreen;
				INFOPLIST_KEY_UIMainStoryboardFile = "";
				INFOPLIST_KEY_UISupportedInterfaceOrientations = UIInterfaceOrientationPortrait;
				INFOPLIST_KEY_UISupportedInterfaceOrientations_iPad = "UIInterfaceOrientationLandscapeLeft UIInterfaceOrientationLandscapeRight UIInterfaceOrientationPortrait UIInterfaceOrientationPortraitUpsideDown";
				LD_RUNPATH_SEARCH_PATHS = (
					"$(inherited)",
					"@executable_path/Frameworks",
				);
				MARKETING_VERSION = 1.0;
				PRODUCT_BUNDLE_IDENTIFIER = com.lucas.SafeApp;
				PRODUCT_NAME = "$(TARGET_NAME)";
				SUPPORTED_PLATFORMS = "iphoneos iphonesimulator";
				SUPPORTS_MACCATALYST = NO;
				SUPPORTS_MAC_DESIGNED_FOR_IPHONE_IPAD = NO;
				SWIFT_EMIT_LOC_STRINGS = YES;
				SWIFT_VERSION = 5.0;
				TARGETED_DEVICE_FAMILY = 1;
			};
			name = Release;
		};
/* End XCBuildConfiguration section */

/* Begin XCConfigurationList section */
		463AFBE22AB87AE500468615 /* Build configuration list for PBXProject "SafeApp" */ = {
			isa = XCConfigurationList;
			buildConfigurations = (
				463AFBF92AB87AE700468615 /* Debug */,
				463AFBFA2AB87AE700468615 /* Release */,
			);
			defaultConfigurationIsVisible = 0;
			defaultConfigurationName = Release;
		};
		463AFBFB2AB87AE700468615 /* Build configuration list for PBXNativeTarget "SafeApp" */ = {
			isa = XCConfigurationList;
			buildConfigurations = (
				463AFBFC2AB87AE700468615 /* Debug */,
				463AFBFD2AB87AE700468615 /* Release */,
			);
			defaultConfigurationIsVisible = 0;
			defaultConfigurationName = Release;
		};
/* End XCConfigurationList section */

/* Begin XCRemoteSwiftPackageReference section */
		463AFC002AB87C8800468615 /* XCRemoteSwiftPackageReference "firebase-ios-sdk" */ = {
			isa = XCRemoteSwiftPackageReference;
			repositoryURL = "https://github.com/firebase/firebase-ios-sdk";
			requirement = {
				kind = upToNextMajorVersion;
				minimumVersion = 10.0.0;
			};
		};
/* End XCRemoteSwiftPackageReference section */

/* Begin XCSwiftPackageProductDependency section */
		463AFC012AB87C8800468615 /* FirebaseAuth */ = {
			isa = XCSwiftPackageProductDependency;
			package = 463AFC002AB87C8800468615 /* XCRemoteSwiftPackageReference "firebase-ios-sdk" */;
			productName = FirebaseAuth;
		};
		463AFC032AB87C8800468615 /* FirebaseCrashlytics */ = {
			isa = XCSwiftPackageProductDependency;
			package = 463AFC002AB87C8800468615 /* XCRemoteSwiftPackageReference "firebase-ios-sdk" */;
			productName = FirebaseCrashlytics;
		};
/* End XCSwiftPackageProductDependency section */
	};
	rootObject = 463AFBDF2AB87AE500468615 /* Project object */;
}
